
Microsoft Visual Studio Solution File, Format Version 12.00
# Visual Studio Version 17
VisualStudioVersion = 17.7.34024.191
MinimumVisualStudioVersion = 10.0.40219.1
Project("{8BC9CEB8-8B4A-11D0-8D11-00A0C91BC942}") = "ComplexStatementsAdvanced", "ComplexStatementsAdvanced\ComplexStatementsAdvanced.vcxproj", "{3BC72B22-76FC-49DC-B03D-814B11593968}"
EndProject
Project("{8BC9CEB8-8B4A-11D0-8D11-00A0C91BC942}") = "SummerOutfit", "SummerOutfit\SummerOutfit.vcxproj", "{43666935-581A-4665-A4EC-6B65DF6BA2CE}"
EndProject
Project("{8BC9CEB8-8B4A-11D0-8D11-00A0C91BC942}") = "NewHouse", "NewHouse\NewHouse.vcxproj", "{B045E9AE-A47B-481B-89F7-B7FA59DC31B2}"
EndProject
Project("{8BC9CEB8-8B4A-11D0-8D11-00A0C91BC942}") = "FishingBoat", "FishingBoat\FishingBoat.vcxproj", "{FA09CF36-88AA-4B8B-9C58-0107CD92775C}"
EndProject
Project("{8BC9CEB8-8B4A-11D0-8D11-00A0C91BC942}") = "Journey", "Journey\Journey.vcxproj", "{F732186A-22B1-4FD3-BC6D-7ADAE98C32B8}"
EndProject
Project("{8BC9CEB8-8B4A-11D0-8D11-00A0C91BC942}") = "OperationsBetweenNumbers", "OperationsBetweenNumbers\OperationsBetweenNumbers.vcxproj", "{D21D0DCE-98DD-4BA0-AC98-58E61A5CFB27}"
EndProject
Project("{8BC9CEB8-8B4A-11D0-8D11-00A0C91BC942}") = "HotelRoom", "HotelRoom\HotelRoom.vcxproj", "{5D60103C-0EB1-4954-8AA9-196EDBFEEA4F}"
EndProject
Project("{8BC9CEB8-8B4A-11D0-8D11-00A0C91BC942}") = "SkiTrip", "SkiTrip\SkiTrip.vcxproj", "{754AB92E-122A-4C65-9C38-B07C52123CA5}"
EndProject
Project("{8BC9CEB8-8B4A-11D0-8D11-00A0C91BC942}") = "OnTimeForExam", "OnTimeForExam\OnTimeForExam.vcxproj", "{198189D5-ED31-4839-B6FA-95ECC75C3DD1}"
EndProject
Project("{8BC9CEB8-8B4A-11D0-8D11-00A0C91BC942}") = "CinemaTickets", "..\ComplexStatements\CinemaTickets\CinemaTickets.vcxproj", "{27E640D4-FE6F-43A4-ADBC-3F95F47CF454}"
EndProject
Project("{8BC9CEB8-8B4A-11D0-8D11-00A0C91BC942}") = "ClassAnimal", "..\ComplexStatements\ClassAnimal\ClassAnimal.vcxproj", "{7B296718-664B-4408-B5ED-2E290BF3E11E}"
EndProject
Project("{8BC9CEB8-8B4A-11D0-8D11-00A0C91BC942}") = "DayOfTheWeek", "..\ComplexStatements\DayOfTheWeek\DayOfTheWeek.vcxproj", "{E2803C60-E592-48FA-B64B-DB9CC95B9F01}"
EndProject
Project("{8BC9CEB8-8B4A-11D0-8D11-00A0C91BC942}") = "FruitOrVeggie", "..\ComplexStatements\FruitOrVeggie\FruitOrVeggie.vcxproj", "{175DE424-434F-4430-854D-473F5A1769BB}"
EndProject
Project("{8BC9CEB8-8B4A-11D0-8D11-00A0C91BC942}") = "InvalidNumber", "..\ComplexStatements\InvalidNumber\InvalidNumber.vcxproj", "{99E023D2-F7EF-41DC-9428-29826BEBDF12}"
EndProject
Project("{2150E333-8FDC-42A3-9474-1A3956D46DE8}") = "ComplexStatementsAdv", "ComplexStatementsAdv", "{A71519B8-3EEF-44C4-BE99-39132CD05DD3}"
EndProject
Global
	GlobalSection(SolutionConfigurationPlatforms) = preSolution
		Debug|x64 = Debug|x64
		Debug|x86 = Debug|x86
		Release|x64 = Release|x64
		Release|x86 = Release|x86
	EndGlobalSection
	GlobalSection(ProjectConfigurationPlatforms) = postSolution
		{3BC72B22-76FC-49DC-B03D-814B11593968}.Debug|x64.ActiveCfg = Debug|x64
		{3BC72B22-76FC-49DC-B03D-814B11593968}.Debug|x64.Build.0 = Debug|x64
		{3BC72B22-76FC-49DC-B03D-814B11593968}.Debug|x86.ActiveCfg = Debug|Win32
		{3BC72B22-76FC-49DC-B03D-814B11593968}.Debug|x86.Build.0 = Debug|Win32
		{3BC72B22-76FC-49DC-B03D-814B11593968}.Release|x64.ActiveCfg = Release|x64
		{3BC72B22-76FC-49DC-B03D-814B11593968}.Release|x64.Build.0 = Release|x64
		{3BC72B22-76FC-49DC-B03D-814B11593968}.Release|x86.ActiveCfg = Release|Win32
		{3BC72B22-76FC-49DC-B03D-814B11593968}.Release|x86.Build.0 = Release|Win32
		{43666935-581A-4665-A4EC-6B65DF6BA2CE}.Debug|x64.ActiveCfg = Debug|x64
		{43666935-581A-4665-A4EC-6B65DF6BA2CE}.Debug|x64.Build.0 = Debug|x64
		{43666935-581A-4665-A4EC-6B65DF6BA2CE}.Debug|x86.ActiveCfg = Debug|Win32
		{43666935-581A-4665-A4EC-6B65DF6BA2CE}.Debug|x86.Build.0 = Debug|Win32
		{43666935-581A-4665-A4EC-6B65DF6BA2CE}.Release|x64.ActiveCfg = Release|x64
		{43666935-581A-4665-A4EC-6B65DF6BA2CE}.Release|x64.Build.0 = Release|x64
		{43666935-581A-4665-A4EC-6B65DF6BA2CE}.Release|x86.ActiveCfg = Release|Win32
		{43666935-581A-4665-A4EC-6B65DF6BA2CE}.Release|x86.Build.0 = Release|Win32
		{B045E9AE-A47B-481B-89F7-B7FA59DC31B2}.Debug|x64.ActiveCfg = Debug|x64
		{B045E9AE-A47B-481B-89F7-B7FA59DC31B2}.Debug|x64.Build.0 = Debug|x64
		{B045E9AE-A47B-481B-89F7-B7FA59DC31B2}.Debug|x86.ActiveCfg = Debug|Win32
		{B045E9AE-A47B-481B-89F7-B7FA59DC31B2}.Debug|x86.Build.0 = Debug|Win32
		{B045E9AE-A47B-481B-89F7-B7FA59DC31B2}.Release|x64.ActiveCfg = Release|x64
		{B045E9AE-A47B-481B-89F7-B7FA59DC31B2}.Release|x64.Build.0 = Release|x64
		{B045E9AE-A47B-481B-89F7-B7FA59DC31B2}.Release|x86.ActiveCfg = Release|Win32
		{B045E9AE-A47B-481B-89F7-B7FA59DC31B2}.Release|x86.Build.0 = Release|Win32
		{FA09CF36-88AA-4B8B-9C58-0107CD92775C}.Debug|x64.ActiveCfg = Debug|x64
		{FA09CF36-88AA-4B8B-9C58-0107CD92775C}.Debug|x64.Build.0 = Debug|x64
		{FA09CF36-88AA-4B8B-9C58-0107CD92775C}.Debug|x86.ActiveCfg = Debug|Win32
		{FA09CF36-88AA-4B8B-9C58-0107CD92775C}.Debug|x86.Build.0 = Debug|Win32
		{FA09CF36-88AA-4B8B-9C58-0107CD92775C}.Release|x64.ActiveCfg = Release|x64
		{FA09CF36-88AA-4B8B-9C58-0107CD92775C}.Release|x64.Build.0 = Release|x64
		{FA09CF36-88AA-4B8B-9C58-0107CD92775C}.Release|x86.ActiveCfg = Release|Win32
		{FA09CF36-88AA-4B8B-9C58-0107CD92775C}.Release|x86.Build.0 = Release|Win32
		{F732186A-22B1-4FD3-BC6D-7ADAE98C32B8}.Debug|x64.ActiveCfg = Debug|x64
		{F732186A-22B1-4FD3-BC6D-7ADAE98C32B8}.Debug|x64.Build.0 = Debug|x64
		{F732186A-22B1-4FD3-BC6D-7ADAE98C32B8}.Debug|x86.ActiveCfg = Debug|Win32
		{F732186A-22B1-4FD3-BC6D-7ADAE98C32B8}.Debug|x86.Build.0 = Debug|Win32
		{F732186A-22B1-4FD3-BC6D-7ADAE98C32B8}.Release|x64.ActiveCfg = Release|x64
		{F732186A-22B1-4FD3-BC6D-7ADAE98C32B8}.Release|x64.Build.0 = Release|x64
		{F732186A-22B1-4FD3-BC6D-7ADAE98C32B8}.Release|x86.ActiveCfg = Release|Win32
		{F732186A-22B1-4FD3-BC6D-7ADAE98C32B8}.Release|x86.Build.0 = Release|Win32
		{D21D0DCE-98DD-4BA0-AC98-58E61A5CFB27}.Debug|x64.ActiveCfg = Debug|x64
		{D21D0DCE-98DD-4BA0-AC98-58E61A5CFB27}.Debug|x64.Build.0 = Debug|x64
		{D21D0DCE-98DD-4BA0-AC98-58E61A5CFB27}.Debug|x86.ActiveCfg = Debug|Win32
		{D21D0DCE-98DD-4BA0-AC98-58E61A5CFB27}.Debug|x86.Build.0 = Debug|Win32
		{D21D0DCE-98DD-4BA0-AC98-58E61A5CFB27}.Release|x64.ActiveCfg = Release|x64
		{D21D0DCE-98DD-4BA0-AC98-58E61A5CFB27}.Release|x64.Build.0 = Release|x64
		{D21D0DCE-98DD-4BA0-AC98-58E61A5CFB27}.Release|x86.ActiveCfg = Release|Win32
		{D21D0DCE-98DD-4BA0-AC98-58E61A5CFB27}.Release|x86.Build.0 = Release|Win32
		{5D60103C-0EB1-4954-8AA9-196EDBFEEA4F}.Debug|x64.ActiveCfg = Debug|x64
		{5D60103C-0EB1-4954-8AA9-196EDBFEEA4F}.Debug|x64.Build.0 = Debug|x64
		{5D60103C-0EB1-4954-8AA9-196EDBFEEA4F}.Debug|x86.ActiveCfg = Debug|Win32
		{5D60103C-0EB1-4954-8AA9-196EDBFEEA4F}.Debug|x86.Build.0 = Debug|Win32
		{5D60103C-0EB1-4954-8AA9-196EDBFEEA4F}.Release|x64.ActiveCfg = Release|x64
		{5D60103C-0EB1-4954-8AA9-196EDBFEEA4F}.Release|x64.Build.0 = Release|x64
		{5D60103C-0EB1-4954-8AA9-196EDBFEEA4F}.Release|x86.ActiveCfg = Release|Win32
		{5D60103C-0EB1-4954-8AA9-196EDBFEEA4F}.Release|x86.Build.0 = Release|Win32
		{754AB92E-122A-4C65-9C38-B07C52123CA5}.Debug|x64.ActiveCfg = Debug|x64
		{754AB92E-122A-4C65-9C38-B07C52123CA5}.Debug|x64.Build.0 = Debug|x64
		{754AB92E-122A-4C65-9C38-B07C52123CA5}.Debug|x86.ActiveCfg = Debug|Win32
		{754AB92E-122A-4C65-9C38-B07C52123CA5}.Debug|x86.Build.0 = Debug|Win32
		{754AB92E-122A-4C65-9C38-B07C52123CA5}.Release|x64.ActiveCfg = Release|x64
		{754AB92E-122A-4C65-9C38-B07C52123CA5}.Release|x64.Build.0 = Release|x64
		{754AB92E-122A-4C65-9C38-B07C52123CA5}.Release|x86.ActiveCfg = Release|Win32
		{754AB92E-122A-4C65-9C38-B07C52123CA5}.Release|x86.Build.0 = Release|Win32
		{198189D5-ED31-4839-B6FA-95ECC75C3DD1}.Debug|x64.ActiveCfg = Debug|x64
		{198189D5-ED31-4839-B6FA-95ECC75C3DD1}.Debug|x64.Build.0 = Debug|x64
		{198189D5-ED31-4839-B6FA-95ECC75C3DD1}.Debug|x86.ActiveCfg = Debug|Win32
		{198189D5-ED31-4839-B6FA-95ECC75C3DD1}.Debug|x86.Build.0 = Debug|Win32
		{198189D5-ED31-4839-B6FA-95ECC75C3DD1}.Release|x64.ActiveCfg = Release|x64
		{198189D5-ED31-4839-B6FA-95ECC75C3DD1}.Release|x64.Build.0 = Release|x64
		{198189D5-ED31-4839-B6FA-95ECC75C3DD1}.Release|x86.ActiveCfg = Release|Win32
		{198189D5-ED31-4839-B6FA-95ECC75C3DD1}.Release|x86.Build.0 = Release|Win32
		{27E640D4-FE6F-43A4-ADBC-3F95F47CF454}.Debug|x64.ActiveCfg = Debug|x64
		{27E640D4-FE6F-43A4-ADBC-3F95F47CF454}.Debug|x64.Build.0 = Debug|x64
		{27E640D4-FE6F-43A4-ADBC-3F95F47CF454}.Debug|x86.ActiveCfg = Debug|Win32
		{27E640D4-FE6F-43A4-ADBC-3F95F47CF454}.Debug|x86.Build.0 = Debug|Win32
		{27E640D4-FE6F-43A4-ADBC-3F95F47CF454}.Release|x64.ActiveCfg = Release|x64
		{27E640D4-FE6F-43A4-ADBC-3F95F47CF454}.Release|x64.Build.0 = Release|x64
		{27E640D4-FE6F-43A4-ADBC-3F95F47CF454}.Release|x86.ActiveCfg = Release|Win32
		{27E640D4-FE6F-43A4-ADBC-3F95F47CF454}.Release|x86.Build.0 = Release|Win32
		{7B296718-664B-4408-B5ED-2E290BF3E11E}.Debug|x64.ActiveCfg = Debug|x64
		{7B296718-664B-4408-B5ED-2E290BF3E11E}.Debug|x64.Build.0 = Debug|x64
		{7B296718-664B-4408-B5ED-2E290BF3E11E}.Debug|x86.ActiveCfg = Debug|Win32
		{7B296718-664B-4408-B5ED-2E290BF3E11E}.Debug|x86.Build.0 = Debug|Win32
		{7B296718-664B-4408-B5ED-2E290BF3E11E}.Release|x64.ActiveCfg = Release|x64
		{7B296718-664B-4408-B5ED-2E290BF3E11E}.Release|x64.Build.0 = Release|x64
		{7B296718-664B-4408-B5ED-2E290BF3E11E}.Release|x86.ActiveCfg = Release|Win32
		{7B296718-664B-4408-B5ED-2E290BF3E11E}.Release|x86.Build.0 = Release|Win32
		{E2803C60-E592-48FA-B64B-DB9CC95B9F01}.Debug|x64.ActiveCfg = Debug|x64
		{E2803C60-E592-48FA-B64B-DB9CC95B9F01}.Debug|x64.Build.0 = Debug|x64
		{E2803C60-E592-48FA-B64B-DB9CC95B9F01}.Debug|x86.ActiveCfg = Debug|Win32
		{E2803C60-E592-48FA-B64B-DB9CC95B9F01}.Debug|x86.Build.0 = Debug|Win32
		{E2803C60-E592-48FA-B64B-DB9CC95B9F01}.Release|x64.ActiveCfg = Release|x64
		{E2803C60-E592-48FA-B64B-DB9CC95B9F01}.Release|x64.Build.0 = Release|x64
		{E2803C60-E592-48FA-B64B-DB9CC95B9F01}.Release|x86.ActiveCfg = Release|Win32
		{E2803C60-E592-48FA-B64B-DB9CC95B9F01}.Release|x86.Build.0 = Release|Win32
		{175DE424-434F-4430-854D-473F5A1769BB}.Debug|x64.ActiveCfg = Debug|x64
		{175DE424-434F-4430-854D-473F5A1769BB}.Debug|x64.Build.0 = Debug|x64
		{175DE424-434F-4430-854D-473F5A1769BB}.Debug|x86.ActiveCfg = Debug|Win32
		{175DE424-434F-4430-854D-473F5A1769BB}.Debug|x86.Build.0 = Debug|Win32
		{175DE424-434F-4430-854D-473F5A1769BB}.Release|x64.ActiveCfg = Release|x64
		{175DE424-434F-4430-854D-473F5A1769BB}.Release|x64.Build.0 = Release|x64
		{175DE424-434F-4430-854D-473F5A1769BB}.Release|x86.ActiveCfg = Release|Win32
		{175DE424-434F-4430-854D-473F5A1769BB}.Release|x86.Build.0 = Release|Win32
		{99E023D2-F7EF-41DC-9428-29826BEBDF12}.Debug|x64.ActiveCfg = Debug|x64
		{99E023D2-F7EF-41DC-9428-29826BEBDF12}.Debug|x64.Build.0 = Debug|x64
		{99E023D2-F7EF-41DC-9428-29826BEBDF12}.Debug|x86.ActiveCfg = Debug|Win32
		{99E023D2-F7EF-41DC-9428-29826BEBDF12}.Debug|x86.Build.0 = Debug|Win32
		{99E023D2-F7EF-41DC-9428-29826BEBDF12}.Release|x64.ActiveCfg = Release|x64
		{99E023D2-F7EF-41DC-9428-29826BEBDF12}.Release|x64.Build.0 = Release|x64
		{99E023D2-F7EF-41DC-9428-29826BEBDF12}.Release|x86.ActiveCfg = Release|Win32
		{99E023D2-F7EF-41DC-9428-29826BEBDF12}.Release|x86.Build.0 = Release|Win32
	EndGlobalSection
	GlobalSection(SolutionProperties) = preSolution
		HideSolutionNode = FALSE
	EndGlobalSection
	GlobalSection(NestedProjects) = preSolution
		{3BC72B22-76FC-49DC-B03D-814B11593968} = {A71519B8-3EEF-44C4-BE99-39132CD05DD3}
		{43666935-581A-4665-A4EC-6B65DF6BA2CE} = {A71519B8-3EEF-44C4-BE99-39132CD05DD3}
		{B045E9AE-A47B-481B-89F7-B7FA59DC31B2} = {A71519B8-3EEF-44C4-BE99-39132CD05DD3}
		{FA09CF36-88AA-4B8B-9C58-0107CD92775C} = {A71519B8-3EEF-44C4-BE99-39132CD05DD3}
		{F732186A-22B1-4FD3-BC6D-7ADAE98C32B8} = {A71519B8-3EEF-44C4-BE99-39132CD05DD3}
		{D21D0DCE-98DD-4BA0-AC98-58E61A5CFB27} = {A71519B8-3EEF-44C4-BE99-39132CD05DD3}
		{5D60103C-0EB1-4954-8AA9-196EDBFEEA4F} = {A71519B8-3EEF-44C4-BE99-39132CD05DD3}
		{754AB92E-122A-4C65-9C38-B07C52123CA5} = {A71519B8-3EEF-44C4-BE99-39132CD05DD3}
		{198189D5-ED31-4839-B6FA-95ECC75C3DD1} = {A71519B8-3EEF-44C4-BE99-39132CD05DD3}
		{27E640D4-FE6F-43A4-ADBC-3F95F47CF454} = {A71519B8-3EEF-44C4-BE99-39132CD05DD3}
		{7B296718-664B-4408-B5ED-2E290BF3E11E} = {A71519B8-3EEF-44C4-BE99-39132CD05DD3}
		{E2803C60-E592-48FA-B64B-DB9CC95B9F01} = {A71519B8-3EEF-44C4-BE99-39132CD05DD3}
		{175DE424-434F-4430-854D-473F5A1769BB} = {A71519B8-3EEF-44C4-BE99-39132CD05DD3}
		{99E023D2-F7EF-41DC-9428-29826BEBDF12} = {A71519B8-3EEF-44C4-BE99-39132CD05DD3}
	EndGlobalSection
	GlobalSection(ExtensibilityGlobals) = postSolution
		SolutionGuid = {D29DCD9C-D719-465C-B225-515679180630}
	EndGlobalSection
EndGlobal
